// !$*UTF8*$!
{
	archiveVersion = 1;
	classes = {
	};
	objectVersion = 55;
	objects = {

/* Begin PBXBuildFile section */
		B26D5BB029082A1800FCA91A /* NetflixCloneModel.xcdatamodeld in Sources */ = {isa = PBXBuildFile; fileRef = B26D5BAE29082A1800FCA91A /* NetflixCloneModel.xcdatamodeld */; };
		B26D5BB229082A4C00FCA91A /* DataPersistenceManager.swift in Sources */ = {isa = PBXBuildFile; fileRef = B26D5BB129082A4C00FCA91A /* DataPersistenceManager.swift */; };
		B2E28E7528DD961700BF3EF5 /* AppDelegate.swift in Sources */ = {isa = PBXBuildFile; fileRef = B2E28E7428DD961700BF3EF5 /* AppDelegate.swift */; };
		B2E28E7728DD961700BF3EF5 /* SceneDelegate.swift in Sources */ = {isa = PBXBuildFile; fileRef = B2E28E7628DD961700BF3EF5 /* SceneDelegate.swift */; };
		B2E28E7C28DD961700BF3EF5 /* Main.storyboard in Resources */ = {isa = PBXBuildFile; fileRef = B2E28E7A28DD961700BF3EF5 /* Main.storyboard */; };
		B2E28E7E28DD961900BF3EF5 /* Assets.xcassets in Resources */ = {isa = PBXBuildFile; fileRef = B2E28E7D28DD961900BF3EF5 /* Assets.xcassets */; };
		B2E28E8128DD961900BF3EF5 /* LaunchScreen.storyboard in Resources */ = {isa = PBXBuildFile; fileRef = B2E28E7F28DD961900BF3EF5 /* LaunchScreen.storyboard */; };
		B2E28E8A28DD9A1500BF3EF5 /* HomeViewController.swift in Sources */ = {isa = PBXBuildFile; fileRef = B2E28E8928DD9A1500BF3EF5 /* HomeViewController.swift */; };
		B2E28E8C28DD9A5B00BF3EF5 /* UpcomingViewController.swift in Sources */ = {isa = PBXBuildFile; fileRef = B2E28E8B28DD9A5A00BF3EF5 /* UpcomingViewController.swift */; };
		B2E28E8E28DD9A9C00BF3EF5 /* SearchViewController.swift in Sources */ = {isa = PBXBuildFile; fileRef = B2E28E8D28DD9A9C00BF3EF5 /* SearchViewController.swift */; };
		B2E28E9028DD9AD000BF3EF5 /* DownloadViewController.swift in Sources */ = {isa = PBXBuildFile; fileRef = B2E28E8F28DD9AD000BF3EF5 /* DownloadViewController.swift */; };
		B2E28E9E28E29B9F00BF3EF5 /* Title.swift in Sources */ = {isa = PBXBuildFile; fileRef = B2E28E9D28E29B9F00BF3EF5 /* Title.swift */; };
		B2E28EA928E3DF9600BF3EF5 /* Extension.swift in Sources */ = {isa = PBXBuildFile; fileRef = B2E28EA828E3DF9600BF3EF5 /* Extension.swift */; };
		B2E28EE028E68EAD00BF3EF5 /* YoutubeSearchResponse.swift in Sources */ = {isa = PBXBuildFile; fileRef = B2E28EDF28E68EAC00BF3EF5 /* YoutubeSearchResponse.swift */; };
		B2E28EE428E6CDB100BF3EF5 /* YoutubeWebViewController.swift in Sources */ = {isa = PBXBuildFile; fileRef = B2E28EE328E6CDB100BF3EF5 /* YoutubeWebViewController.swift */; };
		EF4560D72C4A0898008D38A9 /* Netflix_Clone_Tests.swift in Sources */ = {isa = PBXBuildFile; fileRef = EF4560D62C4A0898008D38A9 /* Netflix_Clone_Tests.swift */; };
		EF4560DF2C4A08B8008D38A9 /* Nimble in Frameworks */ = {isa = PBXBuildFile; productRef = EF4560DE2C4A08B8008D38A9 /* Nimble */; };
		EF4560E12C4A08BC008D38A9 /* Quick in Frameworks */ = {isa = PBXBuildFile; productRef = EF4560E02C4A08BC008D38A9 /* Quick */; };
		EF4560E52C4A0999008D38A9 /* Moya in Frameworks */ = {isa = PBXBuildFile; productRef = EF4560E42C4A0999008D38A9 /* Moya */; };
		EF4560EC2C4A0AAF008D38A9 /* SnapKit in Frameworks */ = {isa = PBXBuildFile; productRef = EF4560EB2C4A0AAF008D38A9 /* SnapKit */; };
		EF4560EF2C4A1513008D38A9 /* APIManager.swift in Sources */ = {isa = PBXBuildFile; fileRef = EF4560EE2C4A1513008D38A9 /* APIManager.swift */; };
		EF4560F12C4A2025008D38A9 /* MoyaProvider.swift in Sources */ = {isa = PBXBuildFile; fileRef = EF4560F02C4A2025008D38A9 /* MoyaProvider.swift */; };
		EF4560F42C4B66BB008D38A9 /* CustomError.swift in Sources */ = {isa = PBXBuildFile; fileRef = EF4560F32C4B66BB008D38A9 /* CustomError.swift */; };
		EF4560F72C4B69F1008D38A9 /* NetworkError.swift in Sources */ = {isa = PBXBuildFile; fileRef = EF4560F62C4B69F1008D38A9 /* NetworkError.swift */; };
		EF4560FA2C4B6A76008D38A9 /* MovieDBRepository.swift in Sources */ = {isa = PBXBuildFile; fileRef = EF4560F92C4B6A76008D38A9 /* MovieDBRepository.swift */; };
		EF4560FC2C4B6A91008D38A9 /* YoutubeRepository.swift in Sources */ = {isa = PBXBuildFile; fileRef = EF4560FB2C4B6A91008D38A9 /* YoutubeRepository.swift */; };
		EF4D8C592C4E62DA0008605C /* YoutubeWebViewModel.swift in Sources */ = {isa = PBXBuildFile; fileRef = EF4D8C582C4E62DA0008605C /* YoutubeWebViewModel.swift */; };
		EF98B1962C4F456100806D64 /* UpcomingView.swift in Sources */ = {isa = PBXBuildFile; fileRef = EF98B1952C4F456100806D64 /* UpcomingView.swift */; };
		EF98B1982C4F4C2400806D64 /* UpcomingViewModel.swift in Sources */ = {isa = PBXBuildFile; fileRef = EF98B1972C4F4C2400806D64 /* UpcomingViewModel.swift */; };
		EF98B19A2C4F4F4500806D64 /* CommonListRow.swift in Sources */ = {isa = PBXBuildFile; fileRef = EF98B1992C4F4F4500806D64 /* CommonListRow.swift */; };
		EF98B1A52C4FB59500806D64 /* SearchView.swift in Sources */ = {isa = PBXBuildFile; fileRef = EF98B1A42C4FB59500806D64 /* SearchView.swift */; };
		EF98B1A72C4FB5A100806D64 /* SearchViewModel.swift in Sources */ = {isa = PBXBuildFile; fileRef = EF98B1A62C4FB5A100806D64 /* SearchViewModel.swift */; };
		EF98B1AB2C5094EB00806D64 /* DownloadView.swift in Sources */ = {isa = PBXBuildFile; fileRef = EF98B1AA2C5094EB00806D64 /* DownloadView.swift */; };
		EF98B1AD2C5094F800806D64 /* DownloadViewModel.swift in Sources */ = {isa = PBXBuildFile; fileRef = EF98B1AC2C5094F800806D64 /* DownloadViewModel.swift */; };
		EF98B1B32C50B9BE00806D64 /* CustomAlert.swift in Sources */ = {isa = PBXBuildFile; fileRef = EF98B1B22C50B9BE00806D64 /* CustomAlert.swift */; };
		EF98B1B92C5205C300806D64 /* FakeMovieDBRepository.swift in Sources */ = {isa = PBXBuildFile; fileRef = EF98B1B82C5205C300806D64 /* FakeMovieDBRepository.swift */; };
		EF98B1BB2C52084900806D64 /* MockHomeViewModelDelegate.swift in Sources */ = {isa = PBXBuildFile; fileRef = EF98B1BA2C52084900806D64 /* MockHomeViewModelDelegate.swift */; };
		EFC5618B2C4CCE150037DEE6 /* HomeViewModelSpec.swift in Sources */ = {isa = PBXBuildFile; fileRef = EFC5618A2C4CCE150037DEE6 /* HomeViewModelSpec.swift */; };
		EFC561902C4CDC3B0037DEE6 /* TabBarItemView.swift in Sources */ = {isa = PBXBuildFile; fileRef = EFC5618F2C4CDC3B0037DEE6 /* TabBarItemView.swift */; };
		EFC561942C4CDCB90037DEE6 /* TabBarViewController.swift in Sources */ = {isa = PBXBuildFile; fileRef = EFC561932C4CDCB90037DEE6 /* TabBarViewController.swift */; };
		EFC561972C4CDD6C0037DEE6 /* TabBarItemModel.swift in Sources */ = {isa = PBXBuildFile; fileRef = EFC561962C4CDD6C0037DEE6 /* TabBarItemModel.swift */; };
		EFC5619D2C4D4DE30037DEE6 /* HomeView.swift in Sources */ = {isa = PBXBuildFile; fileRef = EFC5619C2C4D4DE30037DEE6 /* HomeView.swift */; };
		EFC5619F2C4DE3150037DEE6 /* UIViewController+.swift in Sources */ = {isa = PBXBuildFile; fileRef = EFC5619E2C4DE3150037DEE6 /* UIViewController+.swift */; };
		EFC561A12C4DE64D0037DEE6 /* HomeViewModel.swift in Sources */ = {isa = PBXBuildFile; fileRef = EFC561A02C4DE64D0037DEE6 /* HomeViewModel.swift */; };
		EFC561A42C4DF0010037DEE6 /* BannerView.swift in Sources */ = {isa = PBXBuildFile; fileRef = EFC561A32C4DF0010037DEE6 /* BannerView.swift */; };
		EFC561A62C4E127C0037DEE6 /* HorizontalMoviesView.swift in Sources */ = {isa = PBXBuildFile; fileRef = EFC561A52C4E127C0037DEE6 /* HorizontalMoviesView.swift */; };
/* End PBXBuildFile section */

/* Begin PBXContainerItemProxy section */
		EF4560D82C4A0898008D38A9 /* PBXContainerItemProxy */ = {
			isa = PBXContainerItemProxy;
			containerPortal = B2E28E6928DD961700BF3EF5 /* Project object */;
			proxyType = 1;
			remoteGlobalIDString = B2E28E7028DD961700BF3EF5;
			remoteInfo = "Netflix Clone";
		};
/* End PBXContainerItemProxy section */

/* Begin PBXFileReference section */
		B26D5BAF29082A1800FCA91A /* NetflixCloneModel.xcdatamodel */ = {isa = PBXFileReference; lastKnownFileType = wrapper.xcdatamodel; path = NetflixCloneModel.xcdatamodel; sourceTree = "<group>"; };
		B26D5BB129082A4C00FCA91A /* DataPersistenceManager.swift */ = {isa = PBXFileReference; lastKnownFileType = sourcecode.swift; path = DataPersistenceManager.swift; sourceTree = "<group>"; };
		B2E28E7428DD961700BF3EF5 /* AppDelegate.swift */ = {isa = PBXFileReference; lastKnownFileType = sourcecode.swift; path = AppDelegate.swift; sourceTree = "<group>"; };
		B2E28E7628DD961700BF3EF5 /* SceneDelegate.swift */ = {isa = PBXFileReference; lastKnownFileType = sourcecode.swift; path = SceneDelegate.swift; sourceTree = "<group>"; };
		B2E28E7B28DD961700BF3EF5 /* Base */ = {isa = PBXFileReference; lastKnownFileType = file.storyboard; name = Base; path = Base.lproj/Main.storyboard; sourceTree = "<group>"; };
		B2E28E7D28DD961900BF3EF5 /* Assets.xcassets */ = {isa = PBXFileReference; lastKnownFileType = folder.assetcatalog; path = Assets.xcassets; sourceTree = "<group>"; };
		B2E28E8028DD961900BF3EF5 /* Base */ = {isa = PBXFileReference; lastKnownFileType = file.storyboard; name = Base; path = Base.lproj/LaunchScreen.storyboard; sourceTree = "<group>"; };
		B2E28E8228DD961900BF3EF5 /* Info.plist */ = {isa = PBXFileReference; lastKnownFileType = text.plist.xml; path = Info.plist; sourceTree = "<group>"; };
		B2E28E8928DD9A1500BF3EF5 /* HomeViewController.swift */ = {isa = PBXFileReference; lastKnownFileType = sourcecode.swift; path = HomeViewController.swift; sourceTree = "<group>"; };
		B2E28E8B28DD9A5A00BF3EF5 /* UpcomingViewController.swift */ = {isa = PBXFileReference; lastKnownFileType = sourcecode.swift; path = UpcomingViewController.swift; sourceTree = "<group>"; };
		B2E28E8D28DD9A9C00BF3EF5 /* SearchViewController.swift */ = {isa = PBXFileReference; lastKnownFileType = sourcecode.swift; path = SearchViewController.swift; sourceTree = "<group>"; };
		B2E28E8F28DD9AD000BF3EF5 /* DownloadViewController.swift */ = {isa = PBXFileReference; lastKnownFileType = sourcecode.swift; path = DownloadViewController.swift; sourceTree = "<group>"; };
		B2E28E9D28E29B9F00BF3EF5 /* Title.swift */ = {isa = PBXFileReference; lastKnownFileType = sourcecode.swift; path = Title.swift; sourceTree = "<group>"; };
		B2E28EA828E3DF9600BF3EF5 /* Extension.swift */ = {isa = PBXFileReference; lastKnownFileType = sourcecode.swift; path = Extension.swift; sourceTree = "<group>"; };
		B2E28EDF28E68EAC00BF3EF5 /* YoutubeSearchResponse.swift */ = {isa = PBXFileReference; lastKnownFileType = sourcecode.swift; path = YoutubeSearchResponse.swift; sourceTree = "<group>"; };
		B2E28EE328E6CDB100BF3EF5 /* YoutubeWebViewController.swift */ = {isa = PBXFileReference; lastKnownFileType = sourcecode.swift; path = YoutubeWebViewController.swift; sourceTree = "<group>"; };
		EF4560D62C4A0898008D38A9 /* Netflix_Clone_Tests.swift */ = {isa = PBXFileReference; lastKnownFileType = sourcecode.swift; path = Netflix_Clone_Tests.swift; sourceTree = "<group>"; };
		EF4560EE2C4A1513008D38A9 /* APIManager.swift */ = {isa = PBXFileReference; lastKnownFileType = sourcecode.swift; path = APIManager.swift; sourceTree = "<group>"; };
		EF4560F02C4A2025008D38A9 /* MoyaProvider.swift */ = {isa = PBXFileReference; lastKnownFileType = sourcecode.swift; path = MoyaProvider.swift; sourceTree = "<group>"; };
		EF4560F32C4B66BB008D38A9 /* CustomError.swift */ = {isa = PBXFileReference; lastKnownFileType = sourcecode.swift; path = CustomError.swift; sourceTree = "<group>"; };
		EF4560F62C4B69F1008D38A9 /* NetworkError.swift */ = {isa = PBXFileReference; lastKnownFileType = sourcecode.swift; path = NetworkError.swift; sourceTree = "<group>"; };
		EF4560F92C4B6A76008D38A9 /* MovieDBRepository.swift */ = {isa = PBXFileReference; lastKnownFileType = sourcecode.swift; path = MovieDBRepository.swift; sourceTree = "<group>"; };
		EF4560FB2C4B6A91008D38A9 /* YoutubeRepository.swift */ = {isa = PBXFileReference; lastKnownFileType = sourcecode.swift; path = YoutubeRepository.swift; sourceTree = "<group>"; };
		EF4D8C582C4E62DA0008605C /* YoutubeWebViewModel.swift */ = {isa = PBXFileReference; lastKnownFileType = sourcecode.swift; path = YoutubeWebViewModel.swift; sourceTree = "<group>"; };
		EF98B1952C4F456100806D64 /* UpcomingView.swift */ = {isa = PBXFileReference; lastKnownFileType = sourcecode.swift; path = UpcomingView.swift; sourceTree = "<group>"; };
		EF98B1972C4F4C2400806D64 /* UpcomingViewModel.swift */ = {isa = PBXFileReference; lastKnownFileType = sourcecode.swift; path = UpcomingViewModel.swift; sourceTree = "<group>"; };
		EF98B1992C4F4F4500806D64 /* CommonListRow.swift */ = {isa = PBXFileReference; lastKnownFileType = sourcecode.swift; path = CommonListRow.swift; sourceTree = "<group>"; };
		EF98B1A42C4FB59500806D64 /* SearchView.swift */ = {isa = PBXFileReference; lastKnownFileType = sourcecode.swift; path = SearchView.swift; sourceTree = "<group>"; };
		EF98B1A62C4FB5A100806D64 /* SearchViewModel.swift */ = {isa = PBXFileReference; lastKnownFileType = sourcecode.swift; path = SearchViewModel.swift; sourceTree = "<group>"; };
		EF98B1AA2C5094EB00806D64 /* DownloadView.swift */ = {isa = PBXFileReference; lastKnownFileType = sourcecode.swift; path = DownloadView.swift; sourceTree = "<group>"; };
		EF98B1AC2C5094F800806D64 /* DownloadViewModel.swift */ = {isa = PBXFileReference; lastKnownFileType = sourcecode.swift; path = DownloadViewModel.swift; sourceTree = "<group>"; };
		EF98B1B22C50B9BE00806D64 /* CustomAlert.swift */ = {isa = PBXFileReference; lastKnownFileType = sourcecode.swift; path = CustomAlert.swift; sourceTree = "<group>"; };
		EF98B1B82C5205C300806D64 /* FakeMovieDBRepository.swift */ = {isa = PBXFileReference; lastKnownFileType = sourcecode.swift; path = FakeMovieDBRepository.swift; sourceTree = "<group>"; };
		EF98B1BA2C52084900806D64 /* MockHomeViewModelDelegate.swift */ = {isa = PBXFileReference; lastKnownFileType = sourcecode.swift; path = MockHomeViewModelDelegate.swift; sourceTree = "<group>"; };
		EFC561882C4CCD830037DEE6 /* Netflix Clone.app */ = {isa = PBXFileReference; explicitFileType = wrapper.application; includeInIndex = 0; path = "Netflix Clone.app"; sourceTree = BUILT_PRODUCTS_DIR; };
		EFC5618A2C4CCE150037DEE6 /* HomeViewModelSpec.swift */ = {isa = PBXFileReference; lastKnownFileType = sourcecode.swift; path = HomeViewModelSpec.swift; sourceTree = "<group>"; };
		EFC5618D2C4CD1AB0037DEE6 /* Netflix Clone Tests.xctest */ = {isa = PBXFileReference; explicitFileType = wrapper.cfbundle; includeInIndex = 0; path = "Netflix Clone Tests.xctest"; sourceTree = BUILT_PRODUCTS_DIR; };
		EFC5618F2C4CDC3B0037DEE6 /* TabBarItemView.swift */ = {isa = PBXFileReference; lastKnownFileType = sourcecode.swift; path = TabBarItemView.swift; sourceTree = "<group>"; };
		EFC561932C4CDCB90037DEE6 /* TabBarViewController.swift */ = {isa = PBXFileReference; lastKnownFileType = sourcecode.swift; path = TabBarViewController.swift; sourceTree = "<group>"; };
		EFC561962C4CDD6C0037DEE6 /* TabBarItemModel.swift */ = {isa = PBXFileReference; lastKnownFileType = sourcecode.swift; path = TabBarItemModel.swift; sourceTree = "<group>"; };
		EFC5619C2C4D4DE30037DEE6 /* HomeView.swift */ = {isa = PBXFileReference; lastKnownFileType = sourcecode.swift; path = HomeView.swift; sourceTree = "<group>"; };
		EFC5619E2C4DE3150037DEE6 /* UIViewController+.swift */ = {isa = PBXFileReference; lastKnownFileType = sourcecode.swift; path = "UIViewController+.swift"; sourceTree = "<group>"; };
		EFC561A02C4DE64D0037DEE6 /* HomeViewModel.swift */ = {isa = PBXFileReference; lastKnownFileType = sourcecode.swift; path = HomeViewModel.swift; sourceTree = "<group>"; };
		EFC561A32C4DF0010037DEE6 /* BannerView.swift */ = {isa = PBXFileReference; lastKnownFileType = sourcecode.swift; path = BannerView.swift; sourceTree = "<group>"; };
		EFC561A52C4E127C0037DEE6 /* HorizontalMoviesView.swift */ = {isa = PBXFileReference; lastKnownFileType = sourcecode.swift; path = HorizontalMoviesView.swift; sourceTree = "<group>"; };
/* End PBXFileReference section */

/* Begin PBXFrameworksBuildPhase section */
		B2E28E6E28DD961700BF3EF5 /* Frameworks */ = {
			isa = PBXFrameworksBuildPhase;
			buildActionMask = 2147483647;
			files = (
				EF4560EC2C4A0AAF008D38A9 /* SnapKit in Frameworks */,
				EF4560E52C4A0999008D38A9 /* Moya in Frameworks */,
			);
			runOnlyForDeploymentPostprocessing = 0;
		};
		EF4560D12C4A0898008D38A9 /* Frameworks */ = {
			isa = PBXFrameworksBuildPhase;
			buildActionMask = 2147483647;
			files = (
				EF4560E12C4A08BC008D38A9 /* Quick in Frameworks */,
				EF4560DF2C4A08B8008D38A9 /* Nimble in Frameworks */,
			);
			runOnlyForDeploymentPostprocessing = 0;
		};
/* End PBXFrameworksBuildPhase section */

/* Begin PBXGroup section */
		B2E28E6828DD961700BF3EF5 = {
			isa = PBXGroup;
			children = (
				B2E28E7328DD961700BF3EF5 /* Netflix Clone */,
				EF4560D52C4A0898008D38A9 /* Netflix Clone Tests */,
				EF4560E32C4A0999008D38A9 /* Frameworks */,
				EFC561882C4CCD830037DEE6 /* Netflix Clone.app */,
				EFC5618D2C4CD1AB0037DEE6 /* Netflix Clone Tests.xctest */,
			);
			sourceTree = "<group>";
		};
		B2E28E7328DD961700BF3EF5 /* Netflix Clone */ = {
			isa = PBXGroup;
			children = (
				B2E28E8228DD961900BF3EF5 /* Info.plist */,
				B2E28E9628DDA66A00BF3EF5 /* Managers */,
				EF4560F52C4B674F008D38A9 /* Repository */,
				B2E28E9528DDA64D00BF3EF5 /* Extension */,
				EFC5618E2C4CDC1B0037DEE6 /* Component */,
				EFC561912C4CDC960037DEE6 /* ViewController */,
				EFC5619B2C4D4DCC0037DEE6 /* SwiftUIView */,
				B2E28E9428DDA63D00BF3EF5 /* Models */,
				B2E28F1028EBC4A500BF3EF5 /* Others */,
				B26D5BAE29082A1800FCA91A /* NetflixCloneModel.xcdatamodeld */,
			);
			path = "Netflix Clone";
			sourceTree = "<group>";
		};
		B2E28E9428DDA63D00BF3EF5 /* Models */ = {
			isa = PBXGroup;
			children = (
				B2E28E9D28E29B9F00BF3EF5 /* Title.swift */,
				B2E28EDF28E68EAC00BF3EF5 /* YoutubeSearchResponse.swift */,
			);
			path = Models;
			sourceTree = "<group>";
		};
		B2E28E9528DDA64D00BF3EF5 /* Extension */ = {
			isa = PBXGroup;
			children = (
				B2E28EA828E3DF9600BF3EF5 /* Extension.swift */,
				EFC5619E2C4DE3150037DEE6 /* UIViewController+.swift */,
			);
			path = Extension;
			sourceTree = "<group>";
		};
		B2E28E9628DDA66A00BF3EF5 /* Managers */ = {
			isa = PBXGroup;
			children = (
				EF4560F82C4B6A2F008D38A9 /* DataPersistence */,
				EF4560ED2C4A14F2008D38A9 /* Network */,
			);
			path = Managers;
			sourceTree = "<group>";
		};
		B2E28F1028EBC4A500BF3EF5 /* Others */ = {
			isa = PBXGroup;
			children = (
				B2E28E7428DD961700BF3EF5 /* AppDelegate.swift */,
				B2E28E7628DD961700BF3EF5 /* SceneDelegate.swift */,
				B2E28E7A28DD961700BF3EF5 /* Main.storyboard */,
				B2E28E7D28DD961900BF3EF5 /* Assets.xcassets */,
				B2E28E7F28DD961900BF3EF5 /* LaunchScreen.storyboard */,
			);
			path = Others;
			sourceTree = "<group>";
		};
		EF4560D52C4A0898008D38A9 /* Netflix Clone Tests */ = {
			isa = PBXGroup;
			children = (
				EF98B1B42C52048600806D64 /* ViewModel */,
				EF98B1B62C5204A700806D64 /* Delegate */,
				EF98B1B52C52049300806D64 /* Repository */,
				EF98B1B72C52057D00806D64 /* Others */,
			);
			path = "Netflix Clone Tests";
			sourceTree = "<group>";
		};
		EF4560E32C4A0999008D38A9 /* Frameworks */ = {
			isa = PBXGroup;
			children = (
			);
			name = Frameworks;
			sourceTree = "<group>";
		};
		EF4560ED2C4A14F2008D38A9 /* Network */ = {
			isa = PBXGroup;
			children = (
				EF4560F22C4B66A0008D38A9 /* ErrorType */,
				EF4560EE2C4A1513008D38A9 /* APIManager.swift */,
				EF4560F02C4A2025008D38A9 /* MoyaProvider.swift */,
			);
			path = Network;
			sourceTree = "<group>";
		};
		EF4560F22C4B66A0008D38A9 /* ErrorType */ = {
			isa = PBXGroup;
			children = (
				EF4560F32C4B66BB008D38A9 /* CustomError.swift */,
				EF4560F62C4B69F1008D38A9 /* NetworkError.swift */,
			);
			path = ErrorType;
			sourceTree = "<group>";
		};
		EF4560F52C4B674F008D38A9 /* Repository */ = {
			isa = PBXGroup;
			children = (
				EF4560F92C4B6A76008D38A9 /* MovieDBRepository.swift */,
				EF4560FB2C4B6A91008D38A9 /* YoutubeRepository.swift */,
			);
			path = Repository;
			sourceTree = "<group>";
		};
		EF4560F82C4B6A2F008D38A9 /* DataPersistence */ = {
			isa = PBXGroup;
			children = (
				B26D5BB129082A4C00FCA91A /* DataPersistenceManager.swift */,
			);
			path = DataPersistence;
			sourceTree = "<group>";
		};
		EF98B1AE2C509E6C00806D64 /* View */ = {
			isa = PBXGroup;
			children = (
				EFC5619C2C4D4DE30037DEE6 /* HomeView.swift */,
				EF98B1952C4F456100806D64 /* UpcomingView.swift */,
				EF98B1A42C4FB59500806D64 /* SearchView.swift */,
				EF98B1AA2C5094EB00806D64 /* DownloadView.swift */,
			);
			path = View;
			sourceTree = "<group>";
		};
		EF98B1AF2C509E7300806D64 /* ViewModel */ = {
			isa = PBXGroup;
			children = (
				EFC561A02C4DE64D0037DEE6 /* HomeViewModel.swift */,
				EF98B1972C4F4C2400806D64 /* UpcomingViewModel.swift */,
				EF98B1A62C4FB5A100806D64 /* SearchViewModel.swift */,
				EF98B1AC2C5094F800806D64 /* DownloadViewModel.swift */,
			);
			path = ViewModel;
			sourceTree = "<group>";
		};
		EF98B1B42C52048600806D64 /* ViewModel */ = {
			isa = PBXGroup;
			children = (
				EFC5618A2C4CCE150037DEE6 /* HomeViewModelSpec.swift */,
			);
			path = ViewModel;
			sourceTree = "<group>";
		};
		EF98B1B52C52049300806D64 /* Repository */ = {
			isa = PBXGroup;
			children = (
				EF98B1B82C5205C300806D64 /* FakeMovieDBRepository.swift */,
			);
			path = Repository;
			sourceTree = "<group>";
		};
		EF98B1B62C5204A700806D64 /* Delegate */ = {
			isa = PBXGroup;
			children = (
				EF98B1BA2C52084900806D64 /* MockHomeViewModelDelegate.swift */,
			);
			path = Delegate;
			sourceTree = "<group>";
		};
		EF98B1B72C52057D00806D64 /* Others */ = {
			isa = PBXGroup;
			children = (
				EF4560D62C4A0898008D38A9 /* Netflix_Clone_Tests.swift */,
			);
			path = Others;
			sourceTree = "<group>";
		};
		EFC5618E2C4CDC1B0037DEE6 /* Component */ = {
			isa = PBXGroup;
			children = (
				EFC561A22C4DEBA60037DEE6 /* SwiftUI */,
				EFC561952C4CDD5A0037DEE6 /* TabBarItem */,
				EF98B1B22C50B9BE00806D64 /* CustomAlert.swift */,
			);
			path = Component;
			sourceTree = "<group>";
		};
		EFC561912C4CDC960037DEE6 /* ViewController */ = {
			isa = PBXGroup;
			children = (
				EFC561922C4CDCA40037DEE6 /* Core */,
				B2E28EE328E6CDB100BF3EF5 /* YoutubeWebViewController.swift */,
				EF4D8C582C4E62DA0008605C /* YoutubeWebViewModel.swift */,
			);
			path = ViewController;
			sourceTree = "<group>";
		};
		EFC561922C4CDCA40037DEE6 /* Core */ = {
			isa = PBXGroup;
			children = (
				EFC561932C4CDCB90037DEE6 /* TabBarViewController.swift */,
				B2E28E8928DD9A1500BF3EF5 /* HomeViewController.swift */,
				B2E28E8B28DD9A5A00BF3EF5 /* UpcomingViewController.swift */,
				B2E28E8D28DD9A9C00BF3EF5 /* SearchViewController.swift */,
				B2E28E8F28DD9AD000BF3EF5 /* DownloadViewController.swift */,
			);
			path = Core;
			sourceTree = "<group>";
		};
		EFC561952C4CDD5A0037DEE6 /* TabBarItem */ = {
			isa = PBXGroup;
			children = (
				EFC5618F2C4CDC3B0037DEE6 /* TabBarItemView.swift */,
				EFC561962C4CDD6C0037DEE6 /* TabBarItemModel.swift */,
			);
			path = TabBarItem;
			sourceTree = "<group>";
		};
		EFC5619B2C4D4DCC0037DEE6 /* SwiftUIView */ = {
			isa = PBXGroup;
			children = (
				EF98B1AE2C509E6C00806D64 /* View */,
				EF98B1AF2C509E7300806D64 /* ViewModel */,
			);
			path = SwiftUIView;
			sourceTree = "<group>";
		};
		EFC561A22C4DEBA60037DEE6 /* SwiftUI */ = {
			isa = PBXGroup;
			children = (
				EFC561A32C4DF0010037DEE6 /* BannerView.swift */,
				EFC561A52C4E127C0037DEE6 /* HorizontalMoviesView.swift */,
				EF98B1992C4F4F4500806D64 /* CommonListRow.swift */,
			);
			path = SwiftUI;
			sourceTree = "<group>";
		};
/* End PBXGroup section */

/* Begin PBXNativeTarget section */
		B2E28E7028DD961700BF3EF5 /* Netflix Clone */ = {
			isa = PBXNativeTarget;
			buildConfigurationList = B2E28E8528DD961900BF3EF5 /* Build configuration list for PBXNativeTarget "Netflix Clone" */;
			buildPhases = (
				B2E28E6D28DD961700BF3EF5 /* Sources */,
				B2E28E6E28DD961700BF3EF5 /* Frameworks */,
				B2E28E6F28DD961700BF3EF5 /* Resources */,
			);
			buildRules = (
			);
			dependencies = (
			);
			name = "Netflix Clone";
			packageProductDependencies = (
				EF4560E42C4A0999008D38A9 /* Moya */,
				EF4560EB2C4A0AAF008D38A9 /* SnapKit */,
			);
			productName = "Netflix Clone";
			productReference = EFC561882C4CCD830037DEE6 /* Netflix Clone.app */;
			productType = "com.apple.product-type.application";
		};
		EF4560D32C4A0898008D38A9 /* Netflix Clone Tests */ = {
			isa = PBXNativeTarget;
			buildConfigurationList = EF4560DA2C4A0898008D38A9 /* Build configuration list for PBXNativeTarget "Netflix Clone Tests" */;
			buildPhases = (
				EF4560D02C4A0898008D38A9 /* Sources */,
				EF4560D12C4A0898008D38A9 /* Frameworks */,
				EF4560D22C4A0898008D38A9 /* Resources */,
			);
			buildRules = (
			);
			dependencies = (
				EF4560D92C4A0898008D38A9 /* PBXTargetDependency */,
			);
			name = "Netflix Clone Tests";
			packageProductDependencies = (
				EF4560DE2C4A08B8008D38A9 /* Nimble */,
				EF4560E02C4A08BC008D38A9 /* Quick */,
			);
			productName = "Netflix Clone Tests";
			productReference = EFC5618D2C4CD1AB0037DEE6 /* Netflix Clone Tests.xctest */;
			productType = "com.apple.product-type.bundle.unit-test";
		};
/* End PBXNativeTarget section */

/* Begin PBXProject section */
		B2E28E6928DD961700BF3EF5 /* Project object */ = {
			isa = PBXProject;
			attributes = {
				BuildIndependentTargetsInParallel = 1;
				LastSwiftUpdateCheck = 1500;
				LastUpgradeCheck = 1500;
				TargetAttributes = {
					B2E28E7028DD961700BF3EF5 = {
						CreatedOnToolsVersion = 13.3;
					};
					EF4560D32C4A0898008D38A9 = {
						CreatedOnToolsVersion = 15.0.1;
						TestTargetID = B2E28E7028DD961700BF3EF5;
					};
				};
			};
			buildConfigurationList = B2E28E6C28DD961700BF3EF5 /* Build configuration list for PBXProject "Netflix Clone" */;
			compatibilityVersion = "Xcode 13.0";
			developmentRegion = en;
			hasScannedForEncodings = 0;
			knownRegions = (
				en,
				Base,
			);
			mainGroup = B2E28E6828DD961700BF3EF5;
			packageReferences = (
				EF4560C62C4A0801008D38A9 /* XCRemoteSwiftPackageReference "Nimble" */,
				EF4560C92C4A0823008D38A9 /* XCRemoteSwiftPackageReference "Quick" */,
				EF4560E22C4A0974008D38A9 /* XCRemoteSwiftPackageReference "Moya" */,
				EF4560E82C4A0A9A008D38A9 /* XCRemoteSwiftPackageReference "SnapKit" */,
			);
			productRefGroup = B2E28E6828DD961700BF3EF5;
			projectDirPath = "";
			projectRoot = "";
			targets = (
				B2E28E7028DD961700BF3EF5 /* Netflix Clone */,
				EF4560D32C4A0898008D38A9 /* Netflix Clone Tests */,
			);
		};
/* End PBXProject section */

/* Begin PBXResourcesBuildPhase section */
		B2E28E6F28DD961700BF3EF5 /* Resources */ = {
			isa = PBXResourcesBuildPhase;
			buildActionMask = 2147483647;
			files = (
				B2E28E8128DD961900BF3EF5 /* LaunchScreen.storyboard in Resources */,
				B2E28E7E28DD961900BF3EF5 /* Assets.xcassets in Resources */,
				B2E28E7C28DD961700BF3EF5 /* Main.storyboard in Resources */,
			);
			runOnlyForDeploymentPostprocessing = 0;
		};
		EF4560D22C4A0898008D38A9 /* Resources */ = {
			isa = PBXResourcesBuildPhase;
			buildActionMask = 2147483647;
			files = (
			);
			runOnlyForDeploymentPostprocessing = 0;
		};
/* End PBXResourcesBuildPhase section */

/* Begin PBXSourcesBuildPhase section */
		B2E28E6D28DD961700BF3EF5 /* Sources */ = {
			isa = PBXSourcesBuildPhase;
			buildActionMask = 2147483647;
			files = (
				EFC561A42C4DF0010037DEE6 /* BannerView.swift in Sources */,
				EFC561A62C4E127C0037DEE6 /* HorizontalMoviesView.swift in Sources */,
				B2E28E8E28DD9A9C00BF3EF5 /* SearchViewController.swift in Sources */,
				EFC561902C4CDC3B0037DEE6 /* TabBarItemView.swift in Sources */,
				B26D5BB229082A4C00FCA91A /* DataPersistenceManager.swift in Sources */,
				EF4560EF2C4A1513008D38A9 /* APIManager.swift in Sources */,
				EF98B1A52C4FB59500806D64 /* SearchView.swift in Sources */,
				EF4560FC2C4B6A91008D38A9 /* YoutubeRepository.swift in Sources */,
				EFC5619F2C4DE3150037DEE6 /* UIViewController+.swift in Sources */,
				EF4560FA2C4B6A76008D38A9 /* MovieDBRepository.swift in Sources */,
				EFC561972C4CDD6C0037DEE6 /* TabBarItemModel.swift in Sources */,
				B26D5BB029082A1800FCA91A /* NetflixCloneModel.xcdatamodeld in Sources */,
				EFC5619D2C4D4DE30037DEE6 /* HomeView.swift in Sources */,
				B2E28E7528DD961700BF3EF5 /* AppDelegate.swift in Sources */,
				EFC561A12C4DE64D0037DEE6 /* HomeViewModel.swift in Sources */,
				EF98B1AD2C5094F800806D64 /* DownloadViewModel.swift in Sources */,
				B2E28E9028DD9AD000BF3EF5 /* DownloadViewController.swift in Sources */,
				B2E28E7728DD961700BF3EF5 /* SceneDelegate.swift in Sources */,
				B2E28E8C28DD9A5B00BF3EF5 /* UpcomingViewController.swift in Sources */,
				B2E28EE028E68EAD00BF3EF5 /* YoutubeSearchResponse.swift in Sources */,
				EFC561942C4CDCB90037DEE6 /* TabBarViewController.swift in Sources */,
				B2E28EA928E3DF9600BF3EF5 /* Extension.swift in Sources */,
				EF98B19A2C4F4F4500806D64 /* CommonListRow.swift in Sources */,
				EF98B1982C4F4C2400806D64 /* UpcomingViewModel.swift in Sources */,
				EF98B1A72C4FB5A100806D64 /* SearchViewModel.swift in Sources */,
				EF4D8C592C4E62DA0008605C /* YoutubeWebViewModel.swift in Sources */,
				EF4560F42C4B66BB008D38A9 /* CustomError.swift in Sources */,
				EF98B1962C4F456100806D64 /* UpcomingView.swift in Sources */,
				EF4560F72C4B69F1008D38A9 /* NetworkError.swift in Sources */,
				EF4560F12C4A2025008D38A9 /* MoyaProvider.swift in Sources */,
				EF98B1AB2C5094EB00806D64 /* DownloadView.swift in Sources */,
				B2E28EE428E6CDB100BF3EF5 /* YoutubeWebViewController.swift in Sources */,
				B2E28E9E28E29B9F00BF3EF5 /* Title.swift in Sources */,
				B2E28E8A28DD9A1500BF3EF5 /* HomeViewController.swift in Sources */,
				EF98B1B32C50B9BE00806D64 /* CustomAlert.swift in Sources */,
			);
			runOnlyForDeploymentPostprocessing = 0;
		};
		EF4560D02C4A0898008D38A9 /* Sources */ = {
			isa = PBXSourcesBuildPhase;
			buildActionMask = 2147483647;
			files = (
				EF98B1BB2C52084900806D64 /* MockHomeViewModelDelegate.swift in Sources */,
				EF98B1B92C5205C300806D64 /* FakeMovieDBRepository.swift in Sources */,
				EFC5618B2C4CCE150037DEE6 /* HomeViewModelSpec.swift in Sources */,
				EF4560D72C4A0898008D38A9 /* Netflix_Clone_Tests.swift in Sources */,
			);
			runOnlyForDeploymentPostprocessing = 0;
		};
/* End PBXSourcesBuildPhase section */

/* Begin PBXTargetDependency section */
		EF4560D92C4A0898008D38A9 /* PBXTargetDependency */ = {
			isa = PBXTargetDependency;
			target = B2E28E7028DD961700BF3EF5 /* Netflix Clone */;
			targetProxy = EF4560D82C4A0898008D38A9 /* PBXContainerItemProxy */;
		};
/* End PBXTargetDependency section */

/* Begin PBXVariantGroup section */
		B2E28E7A28DD961700BF3EF5 /* Main.storyboard */ = {
			isa = PBXVariantGroup;
			children = (
				B2E28E7B28DD961700BF3EF5 /* Base */,
			);
			name = Main.storyboard;
			sourceTree = "<group>";
		};
		B2E28E7F28DD961900BF3EF5 /* LaunchScreen.storyboard */ = {
			isa = PBXVariantGroup;
			children = (
				B2E28E8028DD961900BF3EF5 /* Base */,
			);
			name = LaunchScreen.storyboard;
			sourceTree = "<group>";
		};
/* End PBXVariantGroup section */

/* Begin XCBuildConfiguration section */
		B2E28E8328DD961900BF3EF5 /* Debug */ = {
			isa = XCBuildConfiguration;
			buildSettings = {
				ALWAYS_SEARCH_USER_PATHS = NO;
				ASSETCATALOG_COMPILER_GENERATE_SWIFT_ASSET_SYMBOL_EXTENSIONS = YES;
				CLANG_ANALYZER_NONNULL = YES;
				CLANG_ANALYZER_NUMBER_OBJECT_CONVERSION = YES_AGGRESSIVE;
				CLANG_CXX_LANGUAGE_STANDARD = "gnu++17";
				CLANG_ENABLE_MODULES = YES;
				CLANG_ENABLE_OBJC_ARC = YES;
				CLANG_ENABLE_OBJC_WEAK = YES;
				CLANG_WARN_BLOCK_CAPTURE_AUTORELEASING = YES;
				CLANG_WARN_BOOL_CONVERSION = YES;
				CLANG_WARN_COMMA = YES;
				CLANG_WARN_CONSTANT_CONVERSION = YES;
				CLANG_WARN_DEPRECATED_OBJC_IMPLEMENTATIONS = YES;
				CLANG_WARN_DIRECT_OBJC_ISA_USAGE = YES_ERROR;
				CLANG_WARN_DOCUMENTATION_COMMENTS = YES;
				CLANG_WARN_EMPTY_BODY = YES;
				CLANG_WARN_ENUM_CONVERSION = YES;
				CLANG_WARN_INFINITE_RECURSION = YES;
				CLANG_WARN_INT_CONVERSION = YES;
				CLANG_WARN_NON_LITERAL_NULL_CONVERSION = YES;
				CLANG_WARN_OBJC_IMPLICIT_RETAIN_SELF = YES;
				CLANG_WARN_OBJC_LITERAL_CONVERSION = YES;
				CLANG_WARN_OBJC_ROOT_CLASS = YES_ERROR;
				CLANG_WARN_QUOTED_INCLUDE_IN_FRAMEWORK_HEADER = YES;
				CLANG_WARN_RANGE_LOOP_ANALYSIS = YES;
				CLANG_WARN_STRICT_PROTOTYPES = YES;
				CLANG_WARN_SUSPICIOUS_MOVE = YES;
				CLANG_WARN_UNGUARDED_AVAILABILITY = YES_AGGRESSIVE;
				CLANG_WARN_UNREACHABLE_CODE = YES;
				CLANG_WARN__DUPLICATE_METHOD_MATCH = YES;
				COPY_PHASE_STRIP = NO;
				DEBUG_INFORMATION_FORMAT = dwarf;
				ENABLE_STRICT_OBJC_MSGSEND = YES;
				ENABLE_TESTABILITY = YES;
				GCC_C_LANGUAGE_STANDARD = gnu11;
				GCC_DYNAMIC_NO_PIC = NO;
				GCC_NO_COMMON_BLOCKS = YES;
				GCC_OPTIMIZATION_LEVEL = 0;
				GCC_PREPROCESSOR_DEFINITIONS = (
					"DEBUG=1",
					"$(inherited)",
				);
				GCC_WARN_64_TO_32_BIT_CONVERSION = YES;
				GCC_WARN_ABOUT_RETURN_TYPE = YES_ERROR;
				GCC_WARN_UNDECLARED_SELECTOR = YES;
				GCC_WARN_UNINITIALIZED_AUTOS = YES_AGGRESSIVE;
				GCC_WARN_UNUSED_FUNCTION = YES;
				GCC_WARN_UNUSED_VARIABLE = YES;
				IPHONEOS_DEPLOYMENT_TARGET = 17.0;
				MTL_ENABLE_DEBUG_INFO = INCLUDE_SOURCE;
				MTL_FAST_MATH = YES;
				ONLY_ACTIVE_ARCH = YES;
				SDKROOT = iphoneos;
				SWIFT_ACTIVE_COMPILATION_CONDITIONS = DEBUG;
				SWIFT_OPTIMIZATION_LEVEL = "-Onone";
			};
			name = Debug;
		};
		B2E28E8428DD961900BF3EF5 /* Release */ = {
			isa = XCBuildConfiguration;
			buildSettings = {
				ALWAYS_SEARCH_USER_PATHS = NO;
				ASSETCATALOG_COMPILER_GENERATE_SWIFT_ASSET_SYMBOL_EXTENSIONS = YES;
				CLANG_ANALYZER_NONNULL = YES;
				CLANG_ANALYZER_NUMBER_OBJECT_CONVERSION = YES_AGGRESSIVE;
				CLANG_CXX_LANGUAGE_STANDARD = "gnu++17";
				CLANG_ENABLE_MODULES = YES;
				CLANG_ENABLE_OBJC_ARC = YES;
				CLANG_ENABLE_OBJC_WEAK = YES;
				CLANG_WARN_BLOCK_CAPTURE_AUTORELEASING = YES;
				CLANG_WARN_BOOL_CONVERSION = YES;
				CLANG_WARN_COMMA = YES;
				CLANG_WARN_CONSTANT_CONVERSION = YES;
				CLANG_WARN_DEPRECATED_OBJC_IMPLEMENTATIONS = YES;
				CLANG_WARN_DIRECT_OBJC_ISA_USAGE = YES_ERROR;
				CLANG_WARN_DOCUMENTATION_COMMENTS = YES;
				CLANG_WARN_EMPTY_BODY = YES;
				CLANG_WARN_ENUM_CONVERSION = YES;
				CLANG_WARN_INFINITE_RECURSION = YES;
				CLANG_WARN_INT_CONVERSION = YES;
				CLANG_WARN_NON_LITERAL_NULL_CONVERSION = YES;
				CLANG_WARN_OBJC_IMPLICIT_RETAIN_SELF = YES;
				CLANG_WARN_OBJC_LITERAL_CONVERSION = YES;
				CLANG_WARN_OBJC_ROOT_CLASS = YES_ERROR;
				CLANG_WARN_QUOTED_INCLUDE_IN_FRAMEWORK_HEADER = YES;
				CLANG_WARN_RANGE_LOOP_ANALYSIS = YES;
				CLANG_WARN_STRICT_PROTOTYPES = YES;
				CLANG_WARN_SUSPICIOUS_MOVE = YES;
				CLANG_WARN_UNGUARDED_AVAILABILITY = YES_AGGRESSIVE;
				CLANG_WARN_UNREACHABLE_CODE = YES;
				CLANG_WARN__DUPLICATE_METHOD_MATCH = YES;
				COPY_PHASE_STRIP = NO;
				DEBUG_INFORMATION_FORMAT = "dwarf-with-dsym";
				ENABLE_NS_ASSERTIONS = NO;
				ENABLE_STRICT_OBJC_MSGSEND = YES;
				GCC_C_LANGUAGE_STANDARD = gnu11;
				GCC_NO_COMMON_BLOCKS = YES;
				GCC_WARN_64_TO_32_BIT_CONVERSION = YES;
				GCC_WARN_ABOUT_RETURN_TYPE = YES_ERROR;
				GCC_WARN_UNDECLARED_SELECTOR = YES;
				GCC_WARN_UNINITIALIZED_AUTOS = YES_AGGRESSIVE;
				GCC_WARN_UNUSED_FUNCTION = YES;
				GCC_WARN_UNUSED_VARIABLE = YES;
				IPHONEOS_DEPLOYMENT_TARGET = 17.0;
				MTL_ENABLE_DEBUG_INFO = NO;
				MTL_FAST_MATH = YES;
				SDKROOT = iphoneos;
				SWIFT_COMPILATION_MODE = wholemodule;
				SWIFT_OPTIMIZATION_LEVEL = "-O";
				VALIDATE_PRODUCT = YES;
			};
			name = Release;
		};
		B2E28E8628DD961900BF3EF5 /* Debug */ = {
			isa = XCBuildConfiguration;
			buildSettings = {
				ASSETCATALOG_COMPILER_APPICON_NAME = AppIcon;
				ASSETCATALOG_COMPILER_GLOBAL_ACCENT_COLOR_NAME = AccentColor;
				CODE_SIGN_STYLE = Automatic;
				CURRENT_PROJECT_VERSION = 1;
				DEVELOPMENT_TEAM = 2X5XPADK8C;
				GENERATE_INFOPLIST_FILE = YES;
				INFOPLIST_FILE = "Netflix Clone/Info.plist";
				INFOPLIST_KEY_UIApplicationSupportsIndirectInputEvents = YES;
				INFOPLIST_KEY_UILaunchStoryboardName = LaunchScreen;
				INFOPLIST_KEY_UIMainStoryboardFile = Main;
				INFOPLIST_KEY_UISupportedInterfaceOrientations_iPad = "UIInterfaceOrientationPortrait UIInterfaceOrientationPortraitUpsideDown UIInterfaceOrientationLandscapeLeft UIInterfaceOrientationLandscapeRight";
				INFOPLIST_KEY_UISupportedInterfaceOrientations_iPhone = "UIInterfaceOrientationPortrait UIInterfaceOrientationLandscapeLeft UIInterfaceOrientationLandscapeRight";
				IPHONEOS_DEPLOYMENT_TARGET = 17.0;
				LD_RUNPATH_SEARCH_PATHS = (
					"$(inherited)",
					"@executable_path/Frameworks",
				);
				MARKETING_VERSION = 1.0;
				PRODUCT_BUNDLE_IDENTIFIER = "com.Kyoi.Netflix-Clone";
				PRODUCT_NAME = "$(TARGET_NAME)";
				SWIFT_EMIT_LOC_STRINGS = YES;
				SWIFT_VERSION = 5.0;
				TARGETED_DEVICE_FAMILY = "1,2";
			};
			name = Debug;
		};
		B2E28E8728DD961900BF3EF5 /* Release */ = {
			isa = XCBuildConfiguration;
			buildSettings = {
				ASSETCATALOG_COMPILER_APPICON_NAME = AppIcon;
				ASSETCATALOG_COMPILER_GLOBAL_ACCENT_COLOR_NAME = AccentColor;
				CODE_SIGN_STYLE = Automatic;
				CURRENT_PROJECT_VERSION = 1;
				DEVELOPMENT_TEAM = 2X5XPADK8C;
				GENERATE_INFOPLIST_FILE = YES;
				INFOPLIST_FILE = "Netflix Clone/Info.plist";
				INFOPLIST_KEY_UIApplicationSupportsIndirectInputEvents = YES;
				INFOPLIST_KEY_UILaunchStoryboardName = LaunchScreen;
				INFOPLIST_KEY_UIMainStoryboardFile = Main;
				INFOPLIST_KEY_UISupportedInterfaceOrientations_iPad = "UIInterfaceOrientationPortrait UIInterfaceOrientationPortraitUpsideDown UIInterfaceOrientationLandscapeLeft UIInterfaceOrientationLandscapeRight";
				INFOPLIST_KEY_UISupportedInterfaceOrientations_iPhone = "UIInterfaceOrientationPortrait UIInterfaceOrientationLandscapeLeft UIInterfaceOrientationLandscapeRight";
				IPHONEOS_DEPLOYMENT_TARGET = 17.0;
				LD_RUNPATH_SEARCH_PATHS = (
					"$(inherited)",
					"@executable_path/Frameworks",
				);
				MARKETING_VERSION = 1.0;
				PRODUCT_BUNDLE_IDENTIFIER = "com.Kyoi.Netflix-Clone";
				PRODUCT_NAME = "$(TARGET_NAME)";
				SWIFT_EMIT_LOC_STRINGS = YES;
				SWIFT_VERSION = 5.0;
				TARGETED_DEVICE_FAMILY = "1,2";
			};
			name = Release;
		};
		EF4560DB2C4A0898008D38A9 /* Debug */ = {
			isa = XCBuildConfiguration;
			buildSettings = {
				ASSETCATALOG_COMPILER_GENERATE_SWIFT_ASSET_SYMBOL_EXTENSIONS = YES;
				BUNDLE_LOADER = "$(TEST_HOST)";
				CLANG_CXX_LANGUAGE_STANDARD = "gnu++20";
				CODE_SIGN_STYLE = Automatic;
				CURRENT_PROJECT_VERSION = 1;
				DEVELOPMENT_TEAM = 2X5XPADK8C;
				ENABLE_USER_SCRIPT_SANDBOXING = YES;
				GCC_C_LANGUAGE_STANDARD = gnu17;
				GENERATE_INFOPLIST_FILE = YES;
				LOCALIZATION_PREFERS_STRING_CATALOGS = YES;
				MARKETING_VERSION = 1.0;
				PRODUCT_BUNDLE_IDENTIFIER = "com.chu.Netflix-Clone-Tests";
				PRODUCT_NAME = "$(TARGET_NAME)";
				SWIFT_ACTIVE_COMPILATION_CONDITIONS = "DEBUG $(inherited)";
				SWIFT_EMIT_LOC_STRINGS = NO;
				SWIFT_VERSION = 5.0;
				TARGETED_DEVICE_FAMILY = "1,2";
				TEST_HOST = "$(BUILT_PRODUCTS_DIR)/Netflix Clone.app/$(BUNDLE_EXECUTABLE_FOLDER_PATH)/Netflix Clone";
			};
			name = Debug;
		};
		EF4560DC2C4A0898008D38A9 /* Release */ = {
			isa = XCBuildConfiguration;
			buildSettings = {
				ASSETCATALOG_COMPILER_GENERATE_SWIFT_ASSET_SYMBOL_EXTENSIONS = YES;
				BUNDLE_LOADER = "$(TEST_HOST)";
				CLANG_CXX_LANGUAGE_STANDARD = "gnu++20";
				CODE_SIGN_STYLE = Automatic;
				CURRENT_PROJECT_VERSION = 1;
				DEVELOPMENT_TEAM = 2X5XPADK8C;
				ENABLE_USER_SCRIPT_SANDBOXING = YES;
				GCC_C_LANGUAGE_STANDARD = gnu17;
				GENERATE_INFOPLIST_FILE = YES;
				LOCALIZATION_PREFERS_STRING_CATALOGS = YES;
				MARKETING_VERSION = 1.0;
				PRODUCT_BUNDLE_IDENTIFIER = "com.chu.Netflix-Clone-Tests";
				PRODUCT_NAME = "$(TARGET_NAME)";
				SWIFT_EMIT_LOC_STRINGS = NO;
				SWIFT_VERSION = 5.0;
				TARGETED_DEVICE_FAMILY = "1,2";
				TEST_HOST = "$(BUILT_PRODUCTS_DIR)/Netflix Clone.app/$(BUNDLE_EXECUTABLE_FOLDER_PATH)/Netflix Clone";
			};
			name = Release;
		};
/* End XCBuildConfiguration section */

/* Begin XCConfigurationList section */
		B2E28E6C28DD961700BF3EF5 /* Build configuration list for PBXProject "Netflix Clone" */ = {
			isa = XCConfigurationList;
			buildConfigurations = (
				B2E28E8328DD961900BF3EF5 /* Debug */,
				B2E28E8428DD961900BF3EF5 /* Release */,
			);
			defaultConfigurationIsVisible = 0;
			defaultConfigurationName = Release;
		};
		B2E28E8528DD961900BF3EF5 /* Build configuration list for PBXNativeTarget "Netflix Clone" */ = {
			isa = XCConfigurationList;
			buildConfigurations = (
				B2E28E8628DD961900BF3EF5 /* Debug */,
				B2E28E8728DD961900BF3EF5 /* Release */,
			);
			defaultConfigurationIsVisible = 0;
			defaultConfigurationName = Release;
		};
		EF4560DA2C4A0898008D38A9 /* Build configuration list for PBXNativeTarget "Netflix Clone Tests" */ = {
			isa = XCConfigurationList;
			buildConfigurations = (
				EF4560DB2C4A0898008D38A9 /* Debug */,
				EF4560DC2C4A0898008D38A9 /* Release */,
			);
			defaultConfigurationIsVisible = 0;
			defaultConfigurationName = Release;
		};
/* End XCConfigurationList section */

/* Begin XCRemoteSwiftPackageReference section */
		EF4560C62C4A0801008D38A9 /* XCRemoteSwiftPackageReference "Nimble" */ = {
			isa = XCRemoteSwiftPackageReference;
			repositoryURL = "https://github.com/Quick/Nimble";
			requirement = {
				kind = exactVersion;
				version = 13.3.0;
			};
		};
		EF4560C92C4A0823008D38A9 /* XCRemoteSwiftPackageReference "Quick" */ = {
			isa = XCRemoteSwiftPackageReference;
			repositoryURL = "https://github.com/Quick/Quick";
			requirement = {
				kind = exactVersion;
				version = 7.6.1;
			};
		};
		EF4560E22C4A0974008D38A9 /* XCRemoteSwiftPackageReference "Moya" */ = {
			isa = XCRemoteSwiftPackageReference;
			repositoryURL = "https://github.com/Moya/Moya";
			requirement = {
				kind = exactVersion;
				version = 15.0.3;
			};
		};
		EF4560E82C4A0A9A008D38A9 /* XCRemoteSwiftPackageReference "SnapKit" */ = {
			isa = XCRemoteSwiftPackageReference;
			repositoryURL = "https://github.com/SnapKit/SnapKit";
			requirement = {
				kind = exactVersion;
				version = 5.7.1;
			};
		};
/* End XCRemoteSwiftPackageReference section */

/* Begin XCSwiftPackageProductDependency section */
		EF4560DE2C4A08B8008D38A9 /* Nimble */ = {
			isa = XCSwiftPackageProductDependency;
			package = EF4560C62C4A0801008D38A9 /* XCRemoteSwiftPackageReference "Nimble" */;
			productName = Nimble;
		};
		EF4560E02C4A08BC008D38A9 /* Quick */ = {
			isa = XCSwiftPackageProductDependency;
			package = EF4560C92C4A0823008D38A9 /* XCRemoteSwiftPackageReference "Quick" */;
			productName = Quick;
		};
		EF4560E42C4A0999008D38A9 /* Moya */ = {
			isa = XCSwiftPackageProductDependency;
			package = EF4560E22C4A0974008D38A9 /* XCRemoteSwiftPackageReference "Moya" */;
			productName = Moya;
		};
		EF4560EB2C4A0AAF008D38A9 /* SnapKit */ = {
			isa = XCSwiftPackageProductDependency;
			package = EF4560E82C4A0A9A008D38A9 /* XCRemoteSwiftPackageReference "SnapKit" */;
			productName = SnapKit;
		};
/* End XCSwiftPackageProductDependency section */

/* Begin XCVersionGroup section */
		B26D5BAE29082A1800FCA91A /* NetflixCloneModel.xcdatamodeld */ = {
			isa = XCVersionGroup;
			children = (
				B26D5BAF29082A1800FCA91A /* NetflixCloneModel.xcdatamodel */,
			);
			currentVersion = B26D5BAF29082A1800FCA91A /* NetflixCloneModel.xcdatamodel */;
			path = NetflixCloneModel.xcdatamodeld;
			sourceTree = "<group>";
			versionGroupType = wrapper.xcdatamodel;
		};
/* End XCVersionGroup section */
	};
	rootObject = B2E28E6928DD961700BF3EF5 /* Project object */;
}
